
Microsoft Visual Studio Solution File, Format Version 12.00
# Visual Studio Version 17
VisualStudioVersion = 17.1.32414.318
MinimumVisualStudioVersion = 10.0.40219.1
Project("{FAE04EC0-301F-11D3-BF4B-00C04F79EFBC}") = "GAHA_Event", "GAHA_Event\GAHA_Event.csproj", "{CFB55D97-4344-42E9-B53F-BDC2A5563FDB}"
EndProject
Global
	GlobalSection(SolutionConfigurationPlatforms) = preSolution
		Debug|Any CPU = Debug|Any CPU
		Release|Any CPU = Release|Any CPU
	EndGlobalSection
	GlobalSection(ProjectConfigurationPlatforms) = postSolution
		{CFB55D97-4344-42E9-B53F-BDC2A5563FDB}.Debug|Any CPU.ActiveCfg = Debug|Any CPU
		{CFB55D97-4344-42E9-B53F-BDC2A5563FDB}.Debug|Any CPU.Build.0 = Debug|Any CPU
		{CFB55D97-4344-42E9-B53F-BDC2A5563FDB}.Release|Any CPU.ActiveCfg = Release|Any CPU
		{CFB55D97-4344-42E9-B53F-BDC2A5563FDB}.Release|Any CPU.Build.0 = Release|Any CPU
	EndGlobalSection
	GlobalSection(SolutionProperties) = preSolution
		HideSolutionNode = FALSE
	EndGlobalSection
	GlobalSection(ExtensibilityGlobals) = postSolution
		SolutionGuid = {6E39C185-B23D-447B-8B40-C3BF9D453303}
	EndGlobalSection
EndGlobal
